github.com/glenn-edgar/knowledge_base/kb_modules/kb_go/kb_memory/kb_memory_module v0.0.0-20250705175841-ed3917c983bf h1:EXOIvmt/x/ifpiO+Y4t0VbuPvHdrgLU04A0Abs4DVFo=
github.com/glenn-edgar/knowledge_base/kb_modules/kb_go/kb_memory/kb_memory_module v0.0.0-20250705175841-ed3917c983bf/go.mod h1:1On3+wgrbPvOZZv11nLUD2+uetu8g7ml0jkapU1Dm8I=
