github.com/glenn-edgar/knowledge_base/kb_modules/kb_go/kb_memory/kb_memory_module v0.0.0-20250705173537-349fa7709e9b h1:Y97qIaH+6z8F3S4rbCuyQTfafNTnBsZ9f7GxacKSZP0=
github.com/glenn-edgar/knowledge_base/kb_modules/kb_go/kb_memory/kb_memory_module v0.0.0-20250705173537-349fa7709e9b/go.mod h1:1On3+wgrbPvOZZv11nLUD2+uetu8g7ml0jkapU1Dm8I=
